
Microsoft Visual Studio Solution File, Format Version 12.00
# Visual Studio Version 16
VisualStudioVersion = 16.0.32407.337
MinimumVisualStudioVersion = 10.0.40219.1
Project("{FAE04EC0-301F-11D3-BF4B-00C04F79EFBC}") = "ImprimePrimeiroNome", "ImprimePrimeiroNome\ImprimePrimeiroNome.csproj", "{0F7A7D90-DBAB-434F-BD37-2025C60AA107}"
EndProject
Global
	GlobalSection(SolutionConfigurationPlatforms) = preSolution
		Debug|Any CPU = Debug|Any CPU
		Release|Any CPU = Release|Any CPU
	EndGlobalSection
	GlobalSection(ProjectConfigurationPlatforms) = postSolution
		{0F7A7D90-DBAB-434F-BD37-2025C60AA107}.Debug|Any CPU.ActiveCfg = Debug|Any CPU
		{0F7A7D90-DBAB-434F-BD37-2025C60AA107}.Debug|Any CPU.Build.0 = Debug|Any CPU
		{0F7A7D90-DBAB-434F-BD37-2025C60AA107}.Release|Any CPU.ActiveCfg = Release|Any CPU
		{0F7A7D90-DBAB-434F-BD37-2025C60AA107}.Release|Any CPU.Build.0 = Release|Any CPU
	EndGlobalSection
	GlobalSection(SolutionProperties) = preSolution
		HideSolutionNode = FALSE
	EndGlobalSection
	GlobalSection(ExtensibilityGlobals) = postSolution
		SolutionGuid = {21707302-3CBE-4912-B2E4-123FD2DC9547}
	EndGlobalSection
EndGlobal
