
Microsoft Visual Studio Solution File, Format Version 12.00
# Visual Studio Version 16
VisualStudioVersion = 16.0.32407.337
MinimumVisualStudioVersion = 10.0.40219.1
Project("{FAE04EC0-301F-11D3-BF4B-00C04F79EFBC}") = "CalculaAnoBissexto", "CalculaAnoBissexto\CalculaAnoBissexto.csproj", "{5E99161B-F8EC-429E-836B-48B048D79146}"
EndProject
Global
	GlobalSection(SolutionConfigurationPlatforms) = preSolution
		Debug|Any CPU = Debug|Any CPU
		Release|Any CPU = Release|Any CPU
	EndGlobalSection
	GlobalSection(ProjectConfigurationPlatforms) = postSolution
		{5E99161B-F8EC-429E-836B-48B048D79146}.Debug|Any CPU.ActiveCfg = Debug|Any CPU
		{5E99161B-F8EC-429E-836B-48B048D79146}.Debug|Any CPU.Build.0 = Debug|Any CPU
		{5E99161B-F8EC-429E-836B-48B048D79146}.Release|Any CPU.ActiveCfg = Release|Any CPU
		{5E99161B-F8EC-429E-836B-48B048D79146}.Release|Any CPU.Build.0 = Release|Any CPU
	EndGlobalSection
	GlobalSection(SolutionProperties) = preSolution
		HideSolutionNode = FALSE
	EndGlobalSection
	GlobalSection(ExtensibilityGlobals) = postSolution
		SolutionGuid = {EA97650A-9D12-4770-864B-1EEA32266725}
	EndGlobalSection
EndGlobal
